# This file is automatically @generated by Cargo.
# It is not intended for manual editing.
version = 4

[[package]]
name = "autocfg"
version = "1.5.1"
source = "registry+https://github.com/rust-lang/crates.io-index"
checksum = "f2032f911046de80f0a198e0901378627c33f59ea0ac00e363d481118bd70a53"

[[package]]
name = "base64ct"
version = "1.8.3"
source = "registry+https://github.com/rust-lang/crates.io-index"
checksum = "2af50177e190e07a26ab74f8b1efbfe2ef87da2116221318cb1c2e82baf7de06"

[[package]]
name = "block-buffer"
version = "0.12.1"
source = "registry+https://github.com/rust-lang/crates.io-index"
checksum = "d2f6c7dbe95a6ed67ad9f18e57daf93a2f034c524b99fd2b76d18fdfeb6660aa"
dependencies = [
 "hybrid-array",
]

[[package]]
name = "cfg-if"
version = "1.0.5"
source = "registry+https://github.com/rust-lang/crates.io-index"
checksum = "4e7648175b45a9a48536d676f68d918270699102aa8dab5496df06904c914600"

[[package]]
name = "chacha20"
version = "0.10.2"
source = "registry+https://github.com/rust-lang/crates.io-index"
checksum = "65c35e4b699c7e15ccbe7ee35c005e4fc0a278d22238a2857e6ce2dadeda1b06"
dependencies = [
 "cfg-if",
 "cpufeatures",
 "rand_core",
]

[[package]]
name = "cmov"
version = "0.5.4"
source = "registry+https://github.com/rust-lang/crates.io-index"
checksum = "0c9ea0ac24bc397ab3c98583a3c9ba74fa56b09a4449bbe172b9b1ddb016027a"

[[package]]
name = "const-oid"
version = "0.10.2"
source = "registry+https://github.com/rust-lang/crates.io-index"
checksum = "a6ef517f0926dd24a1582492c791b6a4818a4d94e789a334894aa15b0d12f55c"

[[package]]
name = "cpufeatures"
version = "0.3.1"
source = "registry+https://github.com/rust-lang/crates.io-index"
checksum = "5ca28b0ae3115b884660db4118d803791fd6756b6e88f39c0f3f7859060d7566"
dependencies = [
 "libc",
]

[[package]]
name = "crypto-common"
version = "0.2.2"
source = "registry+https://github.com/rust-lang/crates.io-index"
checksum = "ce6e4c961d6cd6c9a86db418387425e8bdeaf05b3c8bc1411e6dca4c252f1453"
dependencies = [
 "hybrid-array",
 "rand_core",
]

[[package]]
name = "ctutils"
version = "0.4.3"
source = "registry+https://github.com/rust-lang/crates.io-index"
checksum = "03bb0e1cc970d482d121d9a1744999169b69a07470b3d644a7894e53fcaf4574"
dependencies = [
 "cmov",
]

[[package]]
name = "cyber-hemera"
version = "0.3.1"

[[package]]
name = "cyber-mudra"
version = "0.2.0"
dependencies = [
 "cyber-hemera",
 "ml-kem",
 "rand",
 "rand_core",
 "strata-nebu",
]

[[package]]
name = "der"
version = "0.8.2"
source = "registry+https://github.com/rust-lang/crates.io-index"
checksum = "a878c850e9e421b20262e9b41f9c860e4785fa07541c266b62ff9d1ef998a80a"
dependencies = [
 "const-oid",
 "zeroize",
]

[[package]]
name = "digest"
version = "0.11.3"
source = "registry+https://github.com/rust-lang/crates.io-index"
checksum = "f1dd6dbb5841937940781866fa1281a1ff7bd3bf827091440879f9994983d5c2"
dependencies = [
 "block-buffer",
 "crypto-common",
]

[[package]]
name = "getrandom"
version = "0.4.3"
source = "registry+https://github.com/rust-lang/crates.io-index"
checksum = "300e883d756b2e4ec94e02791f39b04b522276138852cfc41d9fb7e904106099"
dependencies = [
 "cfg-if",
 "libc",
 "r-efi",
 "rand_core",
]

[[package]]
name = "hybrid-array"
version = "0.4.15"
source = "registry+https://github.com/rust-lang/crates.io-index"
checksum = "27f864f10dfb56725ce5ce5472bc52252c8f93a4ab86327122cebf62c5f59a17"
dependencies = [
 "ctutils",
 "typenum",
]

[[package]]
name = "keccak"
version = "0.2.2"
source = "registry+https://github.com/rust-lang/crates.io-index"
checksum = "d8f198d1db720e4940b5a493201d199d9f24f568f8f746bd13706243a2f71598"
dependencies = [
 "cfg-if",
 "cpufeatures",
]

[[package]]
name = "kem"
version = "0.3.0"
source = "registry+https://github.com/rust-lang/crates.io-index"
checksum = "01737161ba802849cfd486b5bd209d38ba4943494c249a8126005170c7621edd"
dependencies = [
 "crypto-common",
 "rand_core",
]

[[package]]
name = "libc"
version = "0.2.190"
source = "registry+https://github.com/rust-lang/crates.io-index"
checksum = "ce5d3ddc6d3fa000eb1536d85e147bfe31aacaba692ed6a876f95cb7c855be78"

[[package]]
name = "ml-kem"
version = "0.3.2"
source = "registry+https://github.com/rust-lang/crates.io-index"
checksum = "5e15f3e5b957493873e396a66914e83e616b6afe335cdef7efe5c6e1216aba66"
dependencies = [
 "hybrid-array",
 "kem",
 "module-lattice",
 "pkcs8",
 "rand_core",
 "sha3",
]

[[package]]
name = "module-lattice"
version = "0.2.3"
source = "registry+https://github.com/rust-lang/crates.io-index"
checksum = "0c61b87c9683ab7cb1c6871d261ad5479b6b10ceb52c4352aaca3b5d35a8febe"
dependencies = [
 "ctutils",
 "hybrid-array",
 "num-traits",
]

[[package]]
name = "num-traits"
version = "0.2.19"
source = "registry+https://github.com/rust-lang/crates.io-index"
checksum = "071dfc062690e90b734c0b2273ce72ad0ffa95f0c74596bc250dcfd960262841"
dependencies = [
 "autocfg",
]

[[package]]
name = "pkcs8"
version = "0.11.0"
source = "registry+https://github.com/rust-lang/crates.io-index"
checksum = "451913da69c775a56034ea8d9003d27ee8948e12443eae7c038ba100a4f21cb7"
dependencies = [
 "der",
 "spki",
]

[[package]]
name = "r-efi"
version = "6.0.0"
source = "registry+https://github.com/rust-lang/crates.io-index"
checksum = "f8dcc9c7d52a811697d2151c701e0d08956f92b0e24136cf4cf27b57a6a0d9bf"

[[package]]
name = "rand"
version = "0.10.3"
source = "registry+https://github.com/rust-lang/crates.io-index"
checksum = "65c9fb96cbc91e3478eaae79a69fcd3f1ae4ad052e471fe6732fff548984b4af"
dependencies = [
 "chacha20",
 "getrandom",
 "rand_core",
]

[[package]]
name = "rand_core"
version = "0.10.1"
source = "registry+https://github.com/rust-lang/crates.io-index"
checksum = "63b8176103e19a2643978565ca18b50549f6101881c443590420e4dc998a3c69"

[[package]]
name = "sha3"
version = "0.11.0"
source = "registry+https://github.com/rust-lang/crates.io-index"
checksum = "be176f1a57ce4e3d31c1a166222d9768de5954f811601fb7ca06fc8203905ce1"
dependencies = [
 "digest",
 "keccak",
]

[[package]]
name = "spki"
version = "0.8.1"
source = "registry+https://github.com/rust-lang/crates.io-index"
checksum = "7ef958a98b9d5da290cfc78946e9f3e61e1e62a18db0d92cac0b83cc161491a9"
dependencies = [
 "base64ct",
 "der",
]

[[package]]
name = "strata-compute"
version = "0.1.1"
dependencies = [
 "strata-core",
]

[[package]]
name = "strata-core"
version = "0.1.1"

[[package]]
name = "strata-ext"
version = "0.1.1"
dependencies = [
 "strata-core",
]

[[package]]
name = "strata-nebu"
version = "0.1.1"
dependencies = [
 "strata-compute",
 "strata-core",
 "strata-ext",
 "strata-proof",
]

[[package]]
name = "strata-proof"
version = "0.1.1"
dependencies = [
 "strata-core",
]

[[package]]
name = "typenum"
version = "1.20.1"
source = "registry+https://github.com/rust-lang/crates.io-index"
checksum = "b6f5e870be6c3b371b77fe0ee0bafb859fa4964b4404c27de1d380043c4dda20"

[[package]]
name = "zeroize"
version = "1.9.1"
source = "registry+https://github.com/rust-lang/crates.io-index"
checksum = "e13084392c5e4bc371903e2935a5eaeed24905a7511356b883835e18a78f6879"
